// !$*UTF8*$!
{
	archiveVersion = 1;
	classes = {
	};
	objectVersion = 51;
	objects = {

/* Begin PBXBuildFile section */
		042078D1236F8A7A0007CFDE /* AppStoryboards.swift in Sources */ = {isa = PBXBuildFile; fileRef = 042078D0236F8A7A0007CFDE /* AppStoryboards.swift */; };
		0446419D237AC8E800D8FF96 /* Dependencies.framework in Frameworks */ = {isa = PBXBuildFile; fileRef = 0446419C237AC8E800D8FF96 /* Dependencies.framework */; };
		0446419E237AC8E800D8FF96 /* Dependencies.framework in Copy Framworks */ = {isa = PBXBuildFile; fileRef = 0446419C237AC8E800D8FF96 /* Dependencies.framework */; settings = {ATTRIBUTES = (CodeSignOnCopy, RemoveHeadersOnCopy, ); }; };
		04464258237B118600D8FF96 /* Dependencies.framework in Copy Framworks */ = {isa = PBXBuildFile; fileRef = 044641F2237AE80D00D8FF96 /* Dependencies.framework */; settings = {ATTRIBUTES = (CodeSignOnCopy, RemoveHeadersOnCopy, ); }; };
		046B7F79236F365B00AE23A4 /* AppDelegate.swift in Sources */ = {isa = PBXBuildFile; fileRef = 046B7F78236F365B00AE23A4 /* AppDelegate.swift */; };
		046B7F7B236F365B00AE23A4 /* SceneDelegate.swift in Sources */ = {isa = PBXBuildFile; fileRef = 046B7F7A236F365B00AE23A4 /* SceneDelegate.swift */; };
		046B7F7D236F365B00AE23A4 /* ViewController.swift in Sources */ = {isa = PBXBuildFile; fileRef = 046B7F7C236F365B00AE23A4 /* ViewController.swift */; };
		046B7F80236F365B00AE23A4 /* Main.storyboard in Resources */ = {isa = PBXBuildFile; fileRef = 046B7F7E236F365B00AE23A4 /* Main.storyboard */; };
		046B7F88236F365D00AE23A4 /* LaunchScreen.storyboard in Resources */ = {isa = PBXBuildFile; fileRef = 046B7F86236F365D00AE23A4 /* LaunchScreen.storyboard */; };
		046B7F93236F365D00AE23A4 /* AppTests.swift in Sources */ = {isa = PBXBuildFile; fileRef = 046B7F92236F365D00AE23A4 /* AppTests.swift */; };
		046B7F9E236F365D00AE23A4 /* AppUITests.swift in Sources */ = {isa = PBXBuildFile; fileRef = 046B7F9D236F365D00AE23A4 /* AppUITests.swift */; };
		04941D5A23703B4500B38971 /* Core.framework in Copy Framworks */ = {isa = PBXBuildFile; fileRef = 0420796A236F9CC40007CFDE /* Core.framework */; settings = {ATTRIBUTES = (CodeSignOnCopy, RemoveHeadersOnCopy, ); }; };
		04941D5B23703B5000B38971 /* Presentation.framework in Copy Framworks */ = {isa = PBXBuildFile; fileRef = 04207961236F9CC40007CFDE /* Presentation.framework */; settings = {ATTRIBUTES = (CodeSignOnCopy, RemoveHeadersOnCopy, ); }; };
		04941D5C23703B5C00B38971 /* Data.framework in Copy Framworks */ = {isa = PBXBuildFile; fileRef = 04207973236F9CC40007CFDE /* Data.framework */; settings = {ATTRIBUTES = (CodeSignOnCopy, RemoveHeadersOnCopy, ); }; };
		04941D5D23703B7000B38971 /* Home.framework in Copy Framworks */ = {isa = PBXBuildFile; fileRef = 04207958236F9CB90007CFDE /* Home.framework */; settings = {ATTRIBUTES = (CodeSignOnCopy, RemoveHeadersOnCopy, ); }; };
		04D207DC23799890004CD6B9 /* Assets.xcassets in Resources */ = {isa = PBXBuildFile; fileRef = 04D207D723799348004CD6B9 /* Assets.xcassets */; };
		04D207DD23799890004CD6B9 /* Colors.xcassets in Resources */ = {isa = PBXBuildFile; fileRef = 04D207CE23799341004CD6B9 /* Colors.xcassets */; };
		1A54F1F1D3CA40C3718F6BC4 /* Assets.swift in Sources */ = {isa = PBXBuildFile; fileRef = 1A54F755634CC4F7A914F9D4 /* Assets.swift */; };
		1A54F5277DA7A3B23CFA9E8C /* AppDependencies.swift in Sources */ = {isa = PBXBuildFile; fileRef = 1A54F3AB66B43D865CB353D0 /* AppDependencies.swift */; };
		1A54FF95B6DC924CAE2292AE /* Data.xcdatamodel in Sources */ = {isa = PBXBuildFile; fileRef = 1A54F3A0CF028F58A272CDBF /* Data.xcdatamodel */; };
		B54D55A19AA41766E75A6EC4 /* Pods_App.framework in Frameworks */ = {isa = PBXBuildFile; fileRef = 5BECC97FA51F960DA71C9AEB /* Pods_App.framework */; };
/* End PBXBuildFile section */

/* Begin PBXContainerItemProxy section */
		04207957236F9CB90007CFDE /* PBXContainerItemProxy */ = {
			isa = PBXContainerItemProxy;
			containerPortal = 04207952236F9CB90007CFDE /* Home.xcodeproj */;
			proxyType = 2;
			remoteGlobalIDString = 046B8024236F4AAF00AE23A4;
			remoteInfo = Home;
		};
		04207959236F9CB90007CFDE /* PBXContainerItemProxy */ = {
			isa = PBXContainerItemProxy;
			containerPortal = 04207952236F9CB90007CFDE /* Home.xcodeproj */;
			proxyType = 2;
			remoteGlobalIDString = 046B802D236F4AAF00AE23A4;
			remoteInfo = HomeTests;
		};
		04207960236F9CC40007CFDE /* PBXContainerItemProxy */ = {
			isa = PBXContainerItemProxy;
			containerPortal = 0420795B236F9CC40007CFDE /* Presentation.xcodeproj */;
			proxyType = 2;
			remoteGlobalIDString = 046B7FD9236F39E000AE23A4;
			remoteInfo = Presentation;
		};
		04207962236F9CC40007CFDE /* PBXContainerItemProxy */ = {
			isa = PBXContainerItemProxy;
			containerPortal = 0420795B236F9CC40007CFDE /* Presentation.xcodeproj */;
			proxyType = 2;
			remoteGlobalIDString = 046B7FE2236F39E000AE23A4;
			remoteInfo = PresentationTests;
		};
		04207969236F9CC40007CFDE /* PBXContainerItemProxy */ = {
			isa = PBXContainerItemProxy;
			containerPortal = 04207964236F9CC40007CFDE /* Core.xcodeproj */;
			proxyType = 2;
			remoteGlobalIDString = 046B7FB5236F368D00AE23A4;
			remoteInfo = Core;
		};
		0420796B236F9CC40007CFDE /* PBXContainerItemProxy */ = {
			isa = PBXContainerItemProxy;
			containerPortal = 04207964236F9CC40007CFDE /* Core.xcodeproj */;
			proxyType = 2;
			remoteGlobalIDString = 046B7FBE236F368D00AE23A4;
			remoteInfo = CoreTests;
		};
		04207972236F9CC40007CFDE /* PBXContainerItemProxy */ = {
			isa = PBXContainerItemProxy;
			containerPortal = 0420796D236F9CC40007CFDE /* Data.xcodeproj */;
			proxyType = 2;
			remoteGlobalIDString = 046B7FFD236F3A1500AE23A4;
			remoteInfo = Data;
		};
		04207974236F9CC40007CFDE /* PBXContainerItemProxy */ = {
			isa = PBXContainerItemProxy;
			containerPortal = 0420796D236F9CC40007CFDE /* Data.xcodeproj */;
			proxyType = 2;
			remoteGlobalIDString = 046B8006236F3A1500AE23A4;
			remoteInfo = DataTests;
		};
		044641F1237AE80D00D8FF96 /* PBXContainerItemProxy */ = {
			isa = PBXContainerItemProxy;
			containerPortal = 044641E8237AE80C00D8FF96 /* Dependencies.xcodeproj */;
			proxyType = 2;
			remoteGlobalIDString = 04464141237AB80C00D8FF96;
			remoteInfo = Dependencies;
		};
		044641F3237AE80D00D8FF96 /* PBXContainerItemProxy */ = {
			isa = PBXContainerItemProxy;
			containerPortal = 044641E8237AE80C00D8FF96 /* Dependencies.xcodeproj */;
			proxyType = 2;
			remoteGlobalIDString = 0446414A237AB80C00D8FF96;
			remoteInfo = DependenciesTests;
		};
		046B7F8F236F365D00AE23A4 /* PBXContainerItemProxy */ = {
			isa = PBXContainerItemProxy;
			containerPortal = 046B7F6D236F365B00AE23A4 /* Project object */;
			proxyType = 1;
			remoteGlobalIDString = 046B7F74236F365B00AE23A4;
			remoteInfo = App;
		};
		046B7F9A236F365D00AE23A4 /* PBXContainerItemProxy */ = {
			isa = PBXContainerItemProxy;
			containerPortal = 046B7F6D236F365B00AE23A4 /* Project object */;
			proxyType = 1;
			remoteGlobalIDString = 046B7F74236F365B00AE23A4;
			remoteInfo = App;
		};
/* End PBXContainerItemProxy section */

/* Begin PBXCopyFilesBuildPhase section */
		042077E7236F55F50007CFDE /* Copy Framworks */ = {
			isa = PBXCopyFilesBuildPhase;
			buildActionMask = 2147483647;
			dstPath = "";
			dstSubfolderSpec = 10;
			files = (
				04464258237B118600D8FF96 /* Dependencies.framework in Copy Framworks */,
				04941D5A23703B4500B38971 /* Core.framework in Copy Framworks */,
				04941D5B23703B5000B38971 /* Presentation.framework in Copy Framworks */,
				04941D5C23703B5C00B38971 /* Data.framework in Copy Framworks */,
				0446419E237AC8E800D8FF96 /* Dependencies.framework in Copy Framworks */,
				04941D5D23703B7000B38971 /* Home.framework in Copy Framworks */,
			);
			name = "Copy Framworks";
			runOnlyForDeploymentPostprocessing = 0;
		};
/* End PBXCopyFilesBuildPhase section */

/* Begin PBXFileReference section */
		041BD76D2378B0E50063C588 /* Data.framework */ = {isa = PBXFileReference; lastKnownFileType = wrapper.framework; path = Data.framework; sourceTree = "<group>"; };
		041BD76F2378B0E60063C588 /* Core.framework */ = {isa = PBXFileReference; lastKnownFileType = wrapper.framework; name = Core.framework; path = "../../../../../Library/Developer/Xcode/DerivedData/Posts-dfjpotjzsmvtdbchesakwwhuzscj/Build/Products/Debug-iphonesimulator/Core.framework"; sourceTree = "<group>"; };
		041BD7702378B0E60063C588 /* Presentation.framework */ = {isa = PBXFileReference; lastKnownFileType = wrapper.framework; path = Presentation.framework; sourceTree = "<group>"; };
		042078D0236F8A7A0007CFDE /* AppStoryboards.swift */ = {isa = PBXFileReference; fileEncoding = 4; lastKnownFileType = sourcecode.swift; path = AppStoryboards.swift; sourceTree = "<group>"; };
		04207952236F9CB90007CFDE /* Home.xcodeproj */ = {isa = PBXFileReference; lastKnownFileType = "wrapper.pb-project"; name = Home.xcodeproj; path = ../Home/Home.xcodeproj; sourceTree = "<group>"; };
		0420795B236F9CC40007CFDE /* Presentation.xcodeproj */ = {isa = PBXFileReference; lastKnownFileType = "wrapper.pb-project"; name = Presentation.xcodeproj; path = ../Presentation/Presentation.xcodeproj; sourceTree = "<group>"; };
		04207964236F9CC40007CFDE /* Core.xcodeproj */ = {isa = PBXFileReference; lastKnownFileType = "wrapper.pb-project"; name = Core.xcodeproj; path = ../Core/Core.xcodeproj; sourceTree = "<group>"; };
		0420796D236F9CC40007CFDE /* Data.xcodeproj */ = {isa = PBXFileReference; lastKnownFileType = "wrapper.pb-project"; name = Data.xcodeproj; path = ../Data/Data.xcodeproj; sourceTree = "<group>"; };
		0446419C237AC8E800D8FF96 /* Dependencies.framework */ = {isa = PBXFileReference; explicitFileType = wrapper.framework; path = Dependencies.framework; sourceTree = BUILT_PRODUCTS_DIR; };
		044641E8237AE80C00D8FF96 /* Dependencies.xcodeproj */ = {isa = PBXFileReference; lastKnownFileType = "wrapper.pb-project"; name = Dependencies.xcodeproj; path = ../Dependencies/Dependencies.xcodeproj; sourceTree = "<group>"; };
		046B7F75236F365B00AE23A4 /* App.app */ = {isa = PBXFileReference; explicitFileType = wrapper.application; includeInIndex = 0; path = App.app; sourceTree = BUILT_PRODUCTS_DIR; };
		046B7F78236F365B00AE23A4 /* AppDelegate.swift */ = {isa = PBXFileReference; lastKnownFileType = sourcecode.swift; path = AppDelegate.swift; sourceTree = "<group>"; };
		046B7F7A236F365B00AE23A4 /* SceneDelegate.swift */ = {isa = PBXFileReference; lastKnownFileType = sourcecode.swift; path = SceneDelegate.swift; sourceTree = "<group>"; };
		046B7F7C236F365B00AE23A4 /* ViewController.swift */ = {isa = PBXFileReference; lastKnownFileType = sourcecode.swift; path = ViewController.swift; sourceTree = "<group>"; };
		046B7F7F236F365B00AE23A4 /* Base */ = {isa = PBXFileReference; lastKnownFileType = file.storyboard; name = Base; path = Base.lproj/Main.storyboard; sourceTree = "<group>"; };
		046B7F87236F365D00AE23A4 /* Base */ = {isa = PBXFileReference; lastKnownFileType = file.storyboard; name = Base; path = Base.lproj/LaunchScreen.storyboard; sourceTree = "<group>"; };
		046B7F89236F365D00AE23A4 /* Info.plist */ = {isa = PBXFileReference; lastKnownFileType = text.plist.xml; path = Info.plist; sourceTree = "<group>"; };
		046B7F8E236F365D00AE23A4 /* AppTests.xctest */ = {isa = PBXFileReference; explicitFileType = wrapper.cfbundle; includeInIndex = 0; path = AppTests.xctest; sourceTree = BUILT_PRODUCTS_DIR; };
		046B7F92236F365D00AE23A4 /* AppTests.swift */ = {isa = PBXFileReference; lastKnownFileType = sourcecode.swift; path = AppTests.swift; sourceTree = "<group>"; };
		046B7F94236F365D00AE23A4 /* Info.plist */ = {isa = PBXFileReference; lastKnownFileType = text.plist.xml; path = Info.plist; sourceTree = "<group>"; };
		046B7F99236F365D00AE23A4 /* AppUITests.xctest */ = {isa = PBXFileReference; explicitFileType = wrapper.cfbundle; includeInIndex = 0; path = AppUITests.xctest; sourceTree = BUILT_PRODUCTS_DIR; };
		046B7F9D236F365D00AE23A4 /* AppUITests.swift */ = {isa = PBXFileReference; lastKnownFileType = sourcecode.swift; path = AppUITests.swift; sourceTree = "<group>"; };
		046B7F9F236F365D00AE23A4 /* Info.plist */ = {isa = PBXFileReference; lastKnownFileType = text.plist.xml; path = Info.plist; sourceTree = "<group>"; };
		04D207CE23799341004CD6B9 /* Colors.xcassets */ = {isa = PBXFileReference; lastKnownFileType = folder.assetcatalog; path = Colors.xcassets; sourceTree = "<group>"; };
		04D207D723799348004CD6B9 /* Assets.xcassets */ = {isa = PBXFileReference; lastKnownFileType = folder.assetcatalog; path = Assets.xcassets; sourceTree = "<group>"; };
		1A54F3A0CF028F58A272CDBF /* Data.xcdatamodel */ = {isa = PBXFileReference; lastKnownFileType = wrapper.xcdatamodel; path = Data.xcdatamodel; sourceTree = "<group>"; };
		1A54F3AB66B43D865CB353D0 /* AppDependencies.swift */ = {isa = PBXFileReference; fileEncoding = 4; lastKnownFileType = sourcecode.swift; path = AppDependencies.swift; sourceTree = "<group>"; };
		1A54F755634CC4F7A914F9D4 /* Assets.swift */ = {isa = PBXFileReference; fileEncoding = 4; lastKnownFileType = sourcecode.swift; path = Assets.swift; sourceTree = "<group>"; };
		5BECC97FA51F960DA71C9AEB /* Pods_App.framework */ = {isa = PBXFileReference; explicitFileType = wrapper.framework; includeInIndex = 0; path = Pods_App.framework; sourceTree = BUILT_PRODUCTS_DIR; };
		EE6BB65BF2F9F3F84CF95E94 /* Pods-App.release.xcconfig */ = {isa = PBXFileReference; includeInIndex = 1; lastKnownFileType = text.xcconfig; name = "Pods-App.release.xcconfig"; path = "Target Support Files/Pods-App/Pods-App.release.xcconfig"; sourceTree = "<group>"; };
		FC80E5D60DE1BC3BB92B5185 /* Pods-App.debug.xcconfig */ = {isa = PBXFileReference; includeInIndex = 1; lastKnownFileType = text.xcconfig; name = "Pods-App.debug.xcconfig"; path = "Target Support Files/Pods-App/Pods-App.debug.xcconfig"; sourceTree = "<group>"; };
/* End PBXFileReference section */

/* Begin PBXFrameworksBuildPhase section */
		046B7F72236F365B00AE23A4 /* Frameworks */ = {
			isa = PBXFrameworksBuildPhase;
			buildActionMask = 2147483647;
			files = (
				B54D55A19AA41766E75A6EC4 /* Pods_App.framework in Frameworks */,
				0446419D237AC8E800D8FF96 /* Dependencies.framework in Frameworks */,
			);
			runOnlyForDeploymentPostprocessing = 0;
		};
		046B7F8B236F365D00AE23A4 /* Frameworks */ = {
			isa = PBXFrameworksBuildPhase;
			buildActionMask = 2147483647;
			files = (
			);
			runOnlyForDeploymentPostprocessing = 0;
		};
		046B7F96236F365D00AE23A4 /* Frameworks */ = {
			isa = PBXFrameworksBuildPhase;
			buildActionMask = 2147483647;
			files = (
			);
			runOnlyForDeploymentPostprocessing = 0;
		};
/* End PBXFrameworksBuildPhase section */

/* Begin PBXGroup section */
		042078CF236F897B0007CFDE /* Resources */ = {
			isa = PBXGroup;
			children = (
				04D207D723799348004CD6B9 /* Assets.xcassets */,
				04D207CE23799341004CD6B9 /* Colors.xcassets */,
				042078D0236F8A7A0007CFDE /* AppStoryboards.swift */,
				1A54F755634CC4F7A914F9D4 /* Assets.swift */,
			);
			path = Resources;
			sourceTree = "<group>";
		};
		04207906236F8B970007CFDE /* Deps */ = {
			isa = PBXGroup;
			children = (
				044641E8237AE80C00D8FF96 /* Dependencies.xcodeproj */,
				0420795B236F9CC40007CFDE /* Presentation.xcodeproj */,
				04207964236F9CC40007CFDE /* Core.xcodeproj */,
				0420796D236F9CC40007CFDE /* Data.xcodeproj */,
				04207952236F9CB90007CFDE /* Home.xcodeproj */,
			);
			name = Deps;
			sourceTree = "<group>";
		};
		04207953236F9CB90007CFDE /* Products */ = {
			isa = PBXGroup;
			children = (
				04207958236F9CB90007CFDE /* Home.framework */,
				0420795A236F9CB90007CFDE /* HomeTests.xctest */,
			);
			name = Products;
			sourceTree = "<group>";
		};
		0420795C236F9CC40007CFDE /* Products */ = {
			isa = PBXGroup;
			children = (
				04207961236F9CC40007CFDE /* Presentation.framework */,
				04207963236F9CC40007CFDE /* PresentationTests.xctest */,
			);
			name = Products;
			sourceTree = "<group>";
		};
		04207965236F9CC40007CFDE /* Products */ = {
			isa = PBXGroup;
			children = (
				0420796A236F9CC40007CFDE /* Core.framework */,
				0420796C236F9CC40007CFDE /* CoreTests.xctest */,
			);
			name = Products;
			sourceTree = "<group>";
		};
		0420796E236F9CC40007CFDE /* Products */ = {
			isa = PBXGroup;
			children = (
				04207973236F9CC40007CFDE /* Data.framework */,
				04207975236F9CC40007CFDE /* DataTests.xctest */,
			);
			name = Products;
			sourceTree = "<group>";
		};
		044641E9237AE80C00D8FF96 /* Products */ = {
			isa = PBXGroup;
			children = (
				044641F2237AE80D00D8FF96 /* Dependencies.framework */,
				044641F4237AE80D00D8FF96 /* DependenciesTests.xctest */,
			);
			name = Products;
			sourceTree = "<group>";
		};
		046B7F6C236F365B00AE23A4 = {
			isa = PBXGroup;
			children = (
				046B7F77236F365B00AE23A4 /* App */,
				04207906236F8B970007CFDE /* Deps */,
				046B7F91236F365D00AE23A4 /* AppTests */,
				046B7F9C236F365D00AE23A4 /* AppUITests */,
				046B7F76236F365B00AE23A4 /* Products */,
				D1DB6FEFD0974BFEC3EC071E /* Pods */,
				AA19390CC0B10EFDF873AF81 /* Frameworks */,
			);
			sourceTree = "<group>";
		};
		046B7F76236F365B00AE23A4 /* Products */ = {
			isa = PBXGroup;
			children = (
				046B7F75236F365B00AE23A4 /* App.app */,
				046B7F8E236F365D00AE23A4 /* AppTests.xctest */,
				046B7F99236F365D00AE23A4 /* AppUITests.xctest */,
			);
			name = Products;
			sourceTree = "<group>";
		};
		046B7F77236F365B00AE23A4 /* App */ = {
			isa = PBXGroup;
			children = (
				042078CF236F897B0007CFDE /* Resources */,
				046B7F78236F365B00AE23A4 /* AppDelegate.swift */,
				046B7F7A236F365B00AE23A4 /* SceneDelegate.swift */,
				046B7F7C236F365B00AE23A4 /* ViewController.swift */,
				046B7F7E236F365B00AE23A4 /* Main.storyboard */,
				046B7F86236F365D00AE23A4 /* LaunchScreen.storyboard */,
				046B7F89236F365D00AE23A4 /* Info.plist */,
				1A54F69860F0073E6E41EB68 /* Navigation */,
				1A54F3A0CF028F58A272CDBF /* Data.xcdatamodel */,
			);
			path = App;
			sourceTree = "<group>";
		};
		046B7F91236F365D00AE23A4 /* AppTests */ = {
			isa = PBXGroup;
			children = (
				046B7F92236F365D00AE23A4 /* AppTests.swift */,
				046B7F94236F365D00AE23A4 /* Info.plist */,
			);
			path = AppTests;
			sourceTree = "<group>";
		};
		046B7F9C236F365D00AE23A4 /* AppUITests */ = {
			isa = PBXGroup;
			children = (
				046B7F9D236F365D00AE23A4 /* AppUITests.swift */,
				046B7F9F236F365D00AE23A4 /* Info.plist */,
			);
			path = AppUITests;
			sourceTree = "<group>";
		};
		1A54F69860F0073E6E41EB68 /* Navigation */ = {
			isa = PBXGroup;
			children = (
				1A54F3AB66B43D865CB353D0 /* AppDependencies.swift */,
			);
			path = Navigation;
			sourceTree = "<group>";
		};
		AA19390CC0B10EFDF873AF81 /* Frameworks */ = {
			isa = PBXGroup;
			children = (
				0446419C237AC8E800D8FF96 /* Dependencies.framework */,
				041BD76D2378B0E50063C588 /* Data.framework */,
				041BD7702378B0E60063C588 /* Presentation.framework */,
				041BD76F2378B0E60063C588 /* Core.framework */,
				5BECC97FA51F960DA71C9AEB /* Pods_App.framework */,
			);
			name = Frameworks;
			sourceTree = "<group>";
		};
		D1DB6FEFD0974BFEC3EC071E /* Pods */ = {
			isa = PBXGroup;
			children = (
				FC80E5D60DE1BC3BB92B5185 /* Pods-App.debug.xcconfig */,
				EE6BB65BF2F9F3F84CF95E94 /* Pods-App.release.xcconfig */,
			);
			name = Pods;
			path = ../Pods;
			sourceTree = "<group>";
		};
/* End PBXGroup section */

/* Begin PBXNativeTarget section */
		046B7F74236F365B00AE23A4 /* App */ = {
			isa = PBXNativeTarget;
			buildConfigurationList = 046B7FA2236F365D00AE23A4 /* Build configuration list for PBXNativeTarget "App" */;
			buildPhases = (
				26F571D05C1A3B69370C296B /* [CP] Check Pods Manifest.lock */,
				042077F0236F5B8B0007CFDE /* Common Scripts */,
				046B7F71236F365B00AE23A4 /* Sources */,
				046B7F72236F365B00AE23A4 /* Frameworks */,
				046B7F73236F365B00AE23A4 /* Resources */,
				10DF960A5F0CFC0339EC3F28 /* [CP] Embed Pods Frameworks */,
				042077E7236F55F50007CFDE /* Copy Framworks */,
			);
			buildRules = (
			);
			dependencies = (
			);
			name = App;
			productName = App;
			productReference = 046B7F75236F365B00AE23A4 /* App.app */;
			productType = "com.apple.product-type.application";
		};
		046B7F8D236F365D00AE23A4 /* AppTests */ = {
			isa = PBXNativeTarget;
			buildConfigurationList = 046B7FA5236F365D00AE23A4 /* Build configuration list for PBXNativeTarget "AppTests" */;
			buildPhases = (
				046B7F8A236F365D00AE23A4 /* Sources */,
				046B7F8B236F365D00AE23A4 /* Frameworks */,
				046B7F8C236F365D00AE23A4 /* Resources */,
			);
			buildRules = (
			);
			dependencies = (
				046B7F90236F365D00AE23A4 /* PBXTargetDependency */,
			);
			name = AppTests;
			productName = AppTests;
			productReference = 046B7F8E236F365D00AE23A4 /* AppTests.xctest */;
			productType = "com.apple.product-type.bundle.unit-test";
		};
		046B7F98236F365D00AE23A4 /* AppUITests */ = {
			isa = PBXNativeTarget;
			buildConfigurationList = 046B7FA8236F365D00AE23A4 /* Build configuration list for PBXNativeTarget "AppUITests" */;
			buildPhases = (
				046B7F95236F365D00AE23A4 /* Sources */,
				046B7F96236F365D00AE23A4 /* Frameworks */,
				046B7F97236F365D00AE23A4 /* Resources */,
			);
			buildRules = (
			);
			dependencies = (
				046B7F9B236F365D00AE23A4 /* PBXTargetDependency */,
			);
			name = AppUITests;
			productName = AppUITests;
			productReference = 046B7F99236F365D00AE23A4 /* AppUITests.xctest */;
			productType = "com.apple.product-type.bundle.ui-testing";
		};
/* End PBXNativeTarget section */

/* Begin PBXProject section */
		046B7F6D236F365B00AE23A4 /* Project object */ = {
			isa = PBXProject;
			attributes = {
				LastSwiftUpdateCheck = 1110;
				LastUpgradeCheck = 1110;
				ORGANIZATIONNAME = sha;
				TargetAttributes = {
					046B7F74236F365B00AE23A4 = {
						CreatedOnToolsVersion = 11.1;
					};
					046B7F8D236F365D00AE23A4 = {
						CreatedOnToolsVersion = 11.1;
						TestTargetID = 046B7F74236F365B00AE23A4;
					};
					046B7F98236F365D00AE23A4 = {
						CreatedOnToolsVersion = 11.1;
						TestTargetID = 046B7F74236F365B00AE23A4;
					};
				};
			};
			buildConfigurationList = 046B7F70236F365B00AE23A4 /* Build configuration list for PBXProject "App" */;
			compatibilityVersion = "Xcode 9.3";
			developmentRegion = en;
			hasScannedForEncodings = 0;
			knownRegions = (
				en,
				Base,
			);
			mainGroup = 046B7F6C236F365B00AE23A4;
			productRefGroup = 046B7F76236F365B00AE23A4 /* Products */;
			projectDirPath = "";
			projectReferences = (
				{
					ProductGroup = 04207965236F9CC40007CFDE /* Products */;
					ProjectRef = 04207964236F9CC40007CFDE /* Core.xcodeproj */;
				},
				{
					ProductGroup = 0420796E236F9CC40007CFDE /* Products */;
					ProjectRef = 0420796D236F9CC40007CFDE /* Data.xcodeproj */;
				},
				{
					ProductGroup = 044641E9237AE80C00D8FF96 /* Products */;
					ProjectRef = 044641E8237AE80C00D8FF96 /* Dependencies.xcodeproj */;
				},
				{
					ProductGroup = 04207953236F9CB90007CFDE /* Products */;
					ProjectRef = 04207952236F9CB90007CFDE /* Home.xcodeproj */;
				},
				{
					ProductGroup = 0420795C236F9CC40007CFDE /* Products */;
					ProjectRef = 0420795B236F9CC40007CFDE /* Presentation.xcodeproj */;
				},
			);
			projectRoot = "";
			targets = (
				046B7F74236F365B00AE23A4 /* App */,
				046B7F8D236F365D00AE23A4 /* AppTests */,
				046B7F98236F365D00AE23A4 /* AppUITests */,
			);
		};
/* End PBXProject section */

/* Begin PBXReferenceProxy section */
		04207958236F9CB90007CFDE /* Home.framework */ = {
			isa = PBXReferenceProxy;
			fileType = wrapper.framework;
			path = Home.framework;
			remoteRef = 04207957236F9CB90007CFDE /* PBXContainerItemProxy */;
			sourceTree = BUILT_PRODUCTS_DIR;
		};
		0420795A236F9CB90007CFDE /* HomeTests.xctest */ = {
			isa = PBXReferenceProxy;
			fileType = wrapper.cfbundle;
			path = HomeTests.xctest;
			remoteRef = 04207959236F9CB90007CFDE /* PBXContainerItemProxy */;
			sourceTree = BUILT_PRODUCTS_DIR;
		};
		04207961236F9CC40007CFDE /* Presentation.framework */ = {
			isa = PBXReferenceProxy;
			fileType = wrapper.framework;
			path = Presentation.framework;
			remoteRef = 04207960236F9CC40007CFDE /* PBXContainerItemProxy */;
			sourceTree = BUILT_PRODUCTS_DIR;
		};
		04207963236F9CC40007CFDE /* PresentationTests.xctest */ = {
			isa = PBXReferenceProxy;
			fileType = wrapper.cfbundle;
			path = PresentationTests.xctest;
			remoteRef = 04207962236F9CC40007CFDE /* PBXContainerItemProxy */;
			sourceTree = BUILT_PRODUCTS_DIR;
		};
		0420796A236F9CC40007CFDE /* Core.framework */ = {
			isa = PBXReferenceProxy;
			fileType = wrapper.framework;
			path = Core.framework;
			remoteRef = 04207969236F9CC40007CFDE /* PBXContainerItemProxy */;
			sourceTree = BUILT_PRODUCTS_DIR;
		};
		0420796C236F9CC40007CFDE /* CoreTests.xctest */ = {
			isa = PBXReferenceProxy;
			fileType = wrapper.cfbundle;
			path = CoreTests.xctest;
			remoteRef = 0420796B236F9CC40007CFDE /* PBXContainerItemProxy */;
			sourceTree = BUILT_PRODUCTS_DIR;
		};
		04207973236F9CC40007CFDE /* Data.framework */ = {
			isa = PBXReferenceProxy;
			fileType = wrapper.framework;
			path = Data.framework;
			remoteRef = 04207972236F9CC40007CFDE /* PBXContainerItemProxy */;
			sourceTree = BUILT_PRODUCTS_DIR;
		};
		04207975236F9CC40007CFDE /* DataTests.xctest */ = {
			isa = PBXReferenceProxy;
			fileType = wrapper.cfbundle;
			path = DataTests.xctest;
			remoteRef = 04207974236F9CC40007CFDE /* PBXContainerItemProxy */;
			sourceTree = BUILT_PRODUCTS_DIR;
		};
		044641F2237AE80D00D8FF96 /* Dependencies.framework */ = {
			isa = PBXReferenceProxy;
			fileType = wrapper.framework;
			path = Dependencies.framework;
			remoteRef = 044641F1237AE80D00D8FF96 /* PBXContainerItemProxy */;
			sourceTree = BUILT_PRODUCTS_DIR;
		};
		044641F4237AE80D00D8FF96 /* DependenciesTests.xctest */ = {
			isa = PBXReferenceProxy;
			fileType = wrapper.cfbundle;
			path = DependenciesTests.xctest;
			remoteRef = 044641F3237AE80D00D8FF96 /* PBXContainerItemProxy */;
			sourceTree = BUILT_PRODUCTS_DIR;
		};
/* End PBXReferenceProxy section */

/* Begin PBXResourcesBuildPhase section */
		046B7F73236F365B00AE23A4 /* Resources */ = {
			isa = PBXResourcesBuildPhase;
			buildActionMask = 2147483647;
			files = (
				04D207DC23799890004CD6B9 /* Assets.xcassets in Resources */,
				04D207DD23799890004CD6B9 /* Colors.xcassets in Resources */,
				046B7F88236F365D00AE23A4 /* LaunchScreen.storyboard in Resources */,
				046B7F80236F365B00AE23A4 /* Main.storyboard in Resources */,
			);
			runOnlyForDeploymentPostprocessing = 0;
		};
		046B7F8C236F365D00AE23A4 /* Resources */ = {
			isa = PBXResourcesBuildPhase;
			buildActionMask = 2147483647;
			files = (
			);
			runOnlyForDeploymentPostprocessing = 0;
		};
		046B7F97236F365D00AE23A4 /* Resources */ = {
			isa = PBXResourcesBuildPhase;
			buildActionMask = 2147483647;
			files = (
			);
			runOnlyForDeploymentPostprocessing = 0;
		};
/* End PBXResourcesBuildPhase section */

/* Begin PBXShellScriptBuildPhase section */
		042077F0236F5B8B0007CFDE /* Common Scripts */ = {
			isa = PBXShellScriptBuildPhase;
			buildActionMask = 2147483647;
			files = (
			);
			inputFileListPaths = (
			);
			inputPaths = (
			);
			name = "Common Scripts";
			outputFileListPaths = (
			);
			outputPaths = (
			);
			runOnlyForDeploymentPostprocessing = 0;
			shellPath = /bin/sh;
			shellScript = "# all runscripts to be executed must be typed in Scripts/CommonTargetScript.sh, do not write anything here\n\"${PROJECT_DIR}\"/../Scripts/CommonTargetScript.sh\n";
		};
		10DF960A5F0CFC0339EC3F28 /* [CP] Embed Pods Frameworks */ = {
			isa = PBXShellScriptBuildPhase;
			buildActionMask = 2147483647;
			files = (
			);
			inputFileListPaths = (
				"${PODS_ROOT}/Target Support Files/Pods-App/Pods-App-frameworks-${CONFIGURATION}-input-files.xcfilelist",
			);
			name = "[CP] Embed Pods Frameworks";
			outputFileListPaths = (
				"${PODS_ROOT}/Target Support Files/Pods-App/Pods-App-frameworks-${CONFIGURATION}-output-files.xcfilelist",
			);
			runOnlyForDeploymentPostprocessing = 0;
			shellPath = /bin/sh;
			shellScript = "\"${PODS_ROOT}/Target Support Files/Pods-App/Pods-App-frameworks.sh\"\n";
			showEnvVarsInLog = 0;
		};
		26F571D05C1A3B69370C296B /* [CP] Check Pods Manifest.lock */ = {
			isa = PBXShellScriptBuildPhase;
			buildActionMask = 2147483647;
			files = (
			);
			inputFileListPaths = (
			);
			inputPaths = (
				"${PODS_PODFILE_DIR_PATH}/Podfile.lock",
				"${PODS_ROOT}/Manifest.lock",
			);
			name = "[CP] Check Pods Manifest.lock";
			outputFileListPaths = (
			);
			outputPaths = (
				"$(DERIVED_FILE_DIR)/Pods-App-checkManifestLockResult.txt",
			);
			runOnlyForDeploymentPostprocessing = 0;
			shellPath = /bin/sh;
			shellScript = "diff \"${PODS_PODFILE_DIR_PATH}/Podfile.lock\" \"${PODS_ROOT}/Manifest.lock\" > /dev/null\nif [ $? != 0 ] ; then\n    # print error to STDERR\n    echo \"error: The sandbox is not in sync with the Podfile.lock. Run 'pod install' or update your CocoaPods installation.\" >&2\n    exit 1\nfi\n# This output is used by Xcode 'outputs' to avoid re-running this script phase.\necho \"SUCCESS\" > \"${SCRIPT_OUTPUT_FILE_0}\"\n";
			showEnvVarsInLog = 0;
		};
/* End PBXShellScriptBuildPhase section */

/* Begin PBXSourcesBuildPhase section */
		046B7F71236F365B00AE23A4 /* Sources */ = {
			isa = PBXSourcesBuildPhase;
			buildActionMask = 2147483647;
			files = (
				042078D1236F8A7A0007CFDE /* AppStoryboards.swift in Sources */,
				046B7F7D236F365B00AE23A4 /* ViewController.swift in Sources */,
				046B7F79236F365B00AE23A4 /* AppDelegate.swift in Sources */,
				046B7F7B236F365B00AE23A4 /* SceneDelegate.swift in Sources */,
				1A54FF95B6DC924CAE2292AE /* Data.xcdatamodel in Sources */,
				1A54F1F1D3CA40C3718F6BC4 /* Assets.swift in Sources */,
				1A54F5277DA7A3B23CFA9E8C /* AppDependencies.swift in Sources */,
			);
			runOnlyForDeploymentPostprocessing = 0;
		};
		046B7F8A236F365D00AE23A4 /* Sources */ = {
			isa = PBXSourcesBuildPhase;
			buildActionMask = 2147483647;
			files = (
				046B7F93236F365D00AE23A4 /* AppTests.swift in Sources */,
			);
			runOnlyForDeploymentPostprocessing = 0;
		};
		046B7F95236F365D00AE23A4 /* Sources */ = {
			isa = PBXSourcesBuildPhase;
			buildActionMask = 2147483647;
			files = (
				046B7F9E236F365D00AE23A4 /* AppUITests.swift in Sources */,
			);
			runOnlyForDeploymentPostprocessing = 0;
		};
/* End PBXSourcesBuildPhase section */

/* Begin PBXTargetDependency section */
		046B7F90236F365D00AE23A4 /* PBXTargetDependency */ = {
			isa = PBXTargetDependency;
			target = 046B7F74236F365B00AE23A4 /* App */;
			targetProxy = 046B7F8F236F365D00AE23A4 /* PBXContainerItemProxy */;
		};
		046B7F9B236F365D00AE23A4 /* PBXTargetDependency */ = {
			isa = PBXTargetDependency;
			target = 046B7F74236F365B00AE23A4 /* App */;
			targetProxy = 046B7F9A236F365D00AE23A4 /* PBXContainerItemProxy */;
		};
/* End PBXTargetDependency section */

/* Begin PBXVariantGroup section */
		046B7F7E236F365B00AE23A4 /* Main.storyboard */ = {
			isa = PBXVariantGroup;
			children = (
				046B7F7F236F365B00AE23A4 /* Base */,
			);
			name = Main.storyboard;
			sourceTree = "<group>";
		};
		046B7F86236F365D00AE23A4 /* LaunchScreen.storyboard */ = {
			isa = PBXVariantGroup;
			children = (
				046B7F87236F365D00AE23A4 /* Base */,
			);
			name = LaunchScreen.storyboard;
			sourceTree = "<group>";
		};
/* End PBXVariantGroup section */

/* Begin XCBuildConfiguration section */
		046B7FA0236F365D00AE23A4 /* Debug */ = {
			isa = XCBuildConfiguration;
			buildSettings = {
				ALWAYS_SEARCH_USER_PATHS = NO;
				CLANG_ANALYZER_NONNULL = YES;
				CLANG_ANALYZER_NUMBER_OBJECT_CONVERSION = YES_AGGRESSIVE;
				CLANG_CXX_LANGUAGE_STANDARD = "gnu++14";
				CLANG_CXX_LIBRARY = "libc++";
				CLANG_ENABLE_MODULES = YES;
				CLANG_ENABLE_OBJC_ARC = YES;
				CLANG_ENABLE_OBJC_WEAK = YES;
				CLANG_WARN_BLOCK_CAPTURE_AUTORELEASING = YES;
				CLANG_WARN_BOOL_CONVERSION = YES;
				CLANG_WARN_COMMA = YES;
				CLANG_WARN_CONSTANT_CONVERSION = YES;
				CLANG_WARN_DEPRECATED_OBJC_IMPLEMENTATIONS = YES;
				CLANG_WARN_DIRECT_OBJC_ISA_USAGE = YES_ERROR;
				CLANG_WARN_DOCUMENTATION_COMMENTS = YES;
				CLANG_WARN_EMPTY_BODY = YES;
				CLANG_WARN_ENUM_CONVERSION = YES;
				CLANG_WARN_INFINITE_RECURSION = YES;
				CLANG_WARN_INT_CONVERSION = YES;
				CLANG_WARN_NON_LITERAL_NULL_CONVERSION = YES;
				CLANG_WARN_OBJC_IMPLICIT_RETAIN_SELF = YES;
				CLANG_WARN_OBJC_LITERAL_CONVERSION = YES;
				CLANG_WARN_OBJC_ROOT_CLASS = YES_ERROR;
				CLANG_WARN_RANGE_LOOP_ANALYSIS = YES;
				CLANG_WARN_STRICT_PROTOTYPES = YES;
				CLANG_WARN_SUSPICIOUS_MOVE = YES;
				CLANG_WARN_UNGUARDED_AVAILABILITY = YES_AGGRESSIVE;
				CLANG_WARN_UNREACHABLE_CODE = YES;
				CLANG_WARN__DUPLICATE_METHOD_MATCH = YES;
				COPY_PHASE_STRIP = NO;
				DEBUG_INFORMATION_FORMAT = dwarf;
				ENABLE_STRICT_OBJC_MSGSEND = YES;
				ENABLE_TESTABILITY = YES;
				GCC_C_LANGUAGE_STANDARD = gnu11;
				GCC_DYNAMIC_NO_PIC = NO;
				GCC_NO_COMMON_BLOCKS = YES;
				GCC_OPTIMIZATION_LEVEL = 0;
				GCC_PREPROCESSOR_DEFINITIONS = (
					"DEBUG=1",
					"$(inherited)",
				);
				GCC_WARN_64_TO_32_BIT_CONVERSION = YES;
				GCC_WARN_ABOUT_RETURN_TYPE = YES_ERROR;
				GCC_WARN_UNDECLARED_SELECTOR = YES;
				GCC_WARN_UNINITIALIZED_AUTOS = YES_AGGRESSIVE;
				GCC_WARN_UNUSED_FUNCTION = YES;
				GCC_WARN_UNUSED_VARIABLE = YES;
				IPHONEOS_DEPLOYMENT_TARGET = 13.2;
				MTL_ENABLE_DEBUG_INFO = INCLUDE_SOURCE;
				MTL_FAST_MATH = YES;
				ONLY_ACTIVE_ARCH = YES;
				SDKROOT = iphoneos;
				SWIFT_ACTIVE_COMPILATION_CONDITIONS = DEBUG;
				SWIFT_OPTIMIZATION_LEVEL = "-Onone";
			};
			name = Debug;
		};
		046B7FA1236F365D00AE23A4 /* Release */ = {
			isa = XCBuildConfiguration;
			buildSettings = {
				ALWAYS_SEARCH_USER_PATHS = NO;
				CLANG_ANALYZER_NONNULL = YES;
				CLANG_ANALYZER_NUMBER_OBJECT_CONVERSION = YES_AGGRESSIVE;
				CLANG_CXX_LANGUAGE_STANDARD = "gnu++14";
				CLANG_CXX_LIBRARY = "libc++";
				CLANG_ENABLE_MODULES = YES;
				CLANG_ENABLE_OBJC_ARC = YES;
				CLANG_ENABLE_OBJC_WEAK = YES;
				CLANG_WARN_BLOCK_CAPTURE_AUTORELEASING = YES;
				CLANG_WARN_BOOL_CONVERSION = YES;
				CLANG_WARN_COMMA = YES;
				CLANG_WARN_CONSTANT_CONVERSION = YES;
				CLANG_WARN_DEPRECATED_OBJC_IMPLEMENTATIONS = YES;
				CLANG_WARN_DIRECT_OBJC_ISA_USAGE = YES_ERROR;
				CLANG_WARN_DOCUMENTATION_COMMENTS = YES;
				CLANG_WARN_EMPTY_BODY = YES;
				CLANG_WARN_ENUM_CONVERSION = YES;
				CLANG_WARN_INFINITE_RECURSION = YES;
				CLANG_WARN_INT_CONVERSION = YES;
				CLANG_WARN_NON_LITERAL_NULL_CONVERSION = YES;
				CLANG_WARN_OBJC_IMPLICIT_RETAIN_SELF = YES;
				CLANG_WARN_OBJC_LITERAL_CONVERSION = YES;
				CLANG_WARN_OBJC_ROOT_CLASS = YES_ERROR;
				CLANG_WARN_RANGE_LOOP_ANALYSIS = YES;
				CLANG_WARN_STRICT_PROTOTYPES = YES;
				CLANG_WARN_SUSPICIOUS_MOVE = YES;
				CLANG_WARN_UNGUARDED_AVAILABILITY = YES_AGGRESSIVE;
				CLANG_WARN_UNREACHABLE_CODE = YES;
				CLANG_WARN__DUPLICATE_METHOD_MATCH = YES;
				COPY_PHASE_STRIP = NO;
				DEBUG_INFORMATION_FORMAT = "dwarf-with-dsym";
				ENABLE_NS_ASSERTIONS = NO;
				ENABLE_STRICT_OBJC_MSGSEND = YES;
				GCC_C_LANGUAGE_STANDARD = gnu11;
				GCC_NO_COMMON_BLOCKS = YES;
				GCC_WARN_64_TO_32_BIT_CONVERSION = YES;
				GCC_WARN_ABOUT_RETURN_TYPE = YES_ERROR;
				GCC_WARN_UNDECLARED_SELECTOR = YES;
				GCC_WARN_UNINITIALIZED_AUTOS = YES_AGGRESSIVE;
				GCC_WARN_UNUSED_FUNCTION = YES;
				GCC_WARN_UNUSED_VARIABLE = YES;
				IPHONEOS_DEPLOYMENT_TARGET = 13.2;
				MTL_ENABLE_DEBUG_INFO = NO;
				MTL_FAST_MATH = YES;
				SDKROOT = iphoneos;
				SWIFT_COMPILATION_MODE = wholemodule;
				SWIFT_OPTIMIZATION_LEVEL = "-O";
				VALIDATE_PRODUCT = YES;
			};
			name = Release;
		};
		046B7FA3236F365D00AE23A4 /* Debug */ = {
			isa = XCBuildConfiguration;
			baseConfigurationReference = FC80E5D60DE1BC3BB92B5185 /* Pods-App.debug.xcconfig */;
			buildSettings = {
				ASSETCATALOG_COMPILER_APPICON_NAME = AppIcon;
				CODE_SIGN_STYLE = Automatic;
				DEVELOPMENT_TEAM = 6559T49JP6;
				INFOPLIST_FILE = App/Info.plist;
				LD_RUNPATH_SEARCH_PATHS = (
					"$(inherited)",
					"@executable_path/Frameworks",
				);
				PRODUCT_BUNDLE_IDENTIFIER = com.posts.App;
				PRODUCT_NAME = "$(TARGET_NAME)";
				SWIFT_ENABLE_BATCH_MODE = NO;
				SWIFT_VERSION = 5.0;
				TARGETED_DEVICE_FAMILY = "1,2";
			};
			name = Debug;
		};
		046B7FA4236F365D00AE23A4 /* Release */ = {
			isa = XCBuildConfiguration;
			baseConfigurationReference = EE6BB65BF2F9F3F84CF95E94 /* Pods-App.release.xcconfig */;
			buildSettings = {
				ASSETCATALOG_COMPILER_APPICON_NAME = AppIcon;
				CODE_SIGN_STYLE = Automatic;
				DEVELOPMENT_TEAM = 6559T49JP6;
				INFOPLIST_FILE = App/Info.plist;
				LD_RUNPATH_SEARCH_PATHS = (
					"$(inherited)",
					"@executable_path/Frameworks",
				);
				PRODUCT_BUNDLE_IDENTIFIER = com.posts.App;
				PRODUCT_NAME = "$(TARGET_NAME)";
				SWIFT_ENABLE_BATCH_MODE = NO;
				SWIFT_VERSION = 5.0;
				TARGETED_DEVICE_FAMILY = "1,2";
			};
			name = Release;
		};
		046B7FA6236F365D00AE23A4 /* Debug */ = {
			isa = XCBuildConfiguration;
			buildSettings = {
				ALWAYS_EMBED_SWIFT_STANDARD_LIBRARIES = YES;
				BUNDLE_LOADER = "$(TEST_HOST)";
				CODE_SIGN_STYLE = Automatic;
				INFOPLIST_FILE = AppTests/Info.plist;
				IPHONEOS_DEPLOYMENT_TARGET = 13.1;
				LD_RUNPATH_SEARCH_PATHS = (
					"$(inherited)",
					"@executable_path/Frameworks",
					"@loader_path/Frameworks",
				);
				PRODUCT_BUNDLE_IDENTIFIER = com.posts.AppTests;
				PRODUCT_NAME = "$(TARGET_NAME)";
				SWIFT_VERSION = 5.0;
				TARGETED_DEVICE_FAMILY = "1,2";
				TEST_HOST = "$(BUILT_PRODUCTS_DIR)/App.app/App";
			};
			name = Debug;
		};
		046B7FA7236F365D00AE23A4 /* Release */ = {
			isa = XCBuildConfiguration;
			buildSettings = {
				ALWAYS_EMBED_SWIFT_STANDARD_LIBRARIES = YES;
				BUNDLE_LOADER = "$(TEST_HOST)";
				CODE_SIGN_STYLE = Automatic;
				INFOPLIST_FILE = AppTests/Info.plist;
				IPHONEOS_DEPLOYMENT_TARGET = 13.1;
				LD_RUNPATH_SEARCH_PATHS = (
					"$(inherited)",
					"@executable_path/Frameworks",
					"@loader_path/Frameworks",
				);
				PRODUCT_BUNDLE_IDENTIFIER = com.posts.AppTests;
				PRODUCT_NAME = "$(TARGET_NAME)";
				SWIFT_VERSION = 5.0;
				TARGETED_DEVICE_FAMILY = "1,2";
				TEST_HOST = "$(BUILT_PRODUCTS_DIR)/App.app/App";
			};
			name = Release;
		};
		046B7FA9236F365D00AE23A4 /* Debug */ = {
			isa = XCBuildConfiguration;
			buildSettings = {
				ALWAYS_EMBED_SWIFT_STANDARD_LIBRARIES = YES;
				CODE_SIGN_STYLE = Automatic;
				INFOPLIST_FILE = AppUITests/Info.plist;
				LD_RUNPATH_SEARCH_PATHS = (
					"$(inherited)",
					"@executable_path/Frameworks",
					"@loader_path/Frameworks",
				);
				PRODUCT_BUNDLE_IDENTIFIER = com.posts.AppUITests;
				PRODUCT_NAME = "$(TARGET_NAME)";
				SWIFT_VERSION = 5.0;
				TARGETED_DEVICE_FAMILY = "1,2";
				TEST_TARGET_NAME = App;
			};
			name = Debug;
		};
		046B7FAA236F365D00AE23A4 /* Release */ = {
			isa = XCBuildConfiguration;
			buildSettings = {
				ALWAYS_EMBED_SWIFT_STANDARD_LIBRARIES = YES;
				CODE_SIGN_STYLE = Automatic;
				INFOPLIST_FILE = AppUITests/Info.plist;
				LD_RUNPATH_SEARCH_PATHS = (
					"$(inherited)",
					"@executable_path/Frameworks",
					"@loader_path/Frameworks",
				);
				PRODUCT_BUNDLE_IDENTIFIER = com.posts.AppUITests;
				PRODUCT_NAME = "$(TARGET_NAME)";
				SWIFT_VERSION = 5.0;
				TARGETED_DEVICE_FAMILY = "1,2";
				TEST_TARGET_NAME = App;
			};
			name = Release;
		};
/* End XCBuildConfiguration section */

/* Begin XCConfigurationList section */
		046B7F70236F365B00AE23A4 /* Build configuration list for PBXProject "App" */ = {
			isa = XCConfigurationList;
			buildConfigurations = (
				046B7FA0236F365D00AE23A4 /* Debug */,
				046B7FA1236F365D00AE23A4 /* Release */,
			);
			defaultConfigurationIsVisible = 0;
			defaultConfigurationName = Release;
		};
		046B7FA2236F365D00AE23A4 /* Build configuration list for PBXNativeTarget "App" */ = {
			isa = XCConfigurationList;
			buildConfigurations = (
				046B7FA3236F365D00AE23A4 /* Debug */,
				046B7FA4236F365D00AE23A4 /* Release */,
			);
			defaultConfigurationIsVisible = 0;
			defaultConfigurationName = Release;
		};
		046B7FA5236F365D00AE23A4 /* Build configuration list for PBXNativeTarget "AppTests" */ = {
			isa = XCConfigurationList;
			buildConfigurations = (
				046B7FA6236F365D00AE23A4 /* Debug */,
				046B7FA7236F365D00AE23A4 /* Release */,
			);
			defaultConfigurationIsVisible = 0;
			defaultConfigurationName = Release;
		};
		046B7FA8236F365D00AE23A4 /* Build configuration list for PBXNativeTarget "AppUITests" */ = {
			isa = XCConfigurationList;
			buildConfigurations = (
				046B7FA9236F365D00AE23A4 /* Debug */,
				046B7FAA236F365D00AE23A4 /* Release */,
			);
			defaultConfigurationIsVisible = 0;
			defaultConfigurationName = Release;
		};
/* End XCConfigurationList section */
	};
	rootObject = 046B7F6D236F365B00AE23A4 /* Project object */;
}
